
Microsoft Visual Studio Solution File, Format Version 12.00
# Visual Studio 14
VisualStudioVersion = 14.0.25123.0
MinimumVisualStudioVersion = 10.0.40219.1
Project("{FAE04EC0-301F-11D3-BF4B-00C04F79EFBC}") = "UmbracoTest", "UmbracoTest\UmbracoTest.csproj", "{D24817FE-3E3A-4EE6-B4FC-397850EC51D4}"
EndProject
Project("{FAE04EC0-301F-11D3-BF4B-00C04F79EFBC}") = "UmbracoTest.Plugins", "UmbracoTest.Plugins\UmbracoTest.Plugins.csproj", "{957CFC45-13AA-4FE3-89B9-7A6F138F4F5D}"
EndProject
Global
	GlobalSection(SolutionConfigurationPlatforms) = preSolution
		Debug|Any CPU = Debug|Any CPU
		Release|Any CPU = Release|Any CPU
	EndGlobalSection
	GlobalSection(ProjectConfigurationPlatforms) = postSolution
		{D24817FE-3E3A-4EE6-B4FC-397850EC51D4}.Debug|Any CPU.ActiveCfg = Debug|Any CPU
		{D24817FE-3E3A-4EE6-B4FC-397850EC51D4}.Debug|Any CPU.Build.0 = Debug|Any CPU
		{D24817FE-3E3A-4EE6-B4FC-397850EC51D4}.Release|Any CPU.ActiveCfg = Release|Any CPU
		{D24817FE-3E3A-4EE6-B4FC-397850EC51D4}.Release|Any CPU.Build.0 = Release|Any CPU
		{957CFC45-13AA-4FE3-89B9-7A6F138F4F5D}.Debug|Any CPU.ActiveCfg = Debug|Any CPU
		{957CFC45-13AA-4FE3-89B9-7A6F138F4F5D}.Debug|Any CPU.Build.0 = Debug|Any CPU
		{957CFC45-13AA-4FE3-89B9-7A6F138F4F5D}.Release|Any CPU.ActiveCfg = Release|Any CPU
		{957CFC45-13AA-4FE3-89B9-7A6F138F4F5D}.Release|Any CPU.Build.0 = Release|Any CPU
	EndGlobalSection
	GlobalSection(SolutionProperties) = preSolution
		HideSolutionNode = FALSE
	EndGlobalSection
EndGlobal
